
Microsoft Visual Studio Solution File, Format Version 12.00
# Visual Studio Version 17
VisualStudioVersion = 17.2.32516.85
MinimumVisualStudioVersion = 10.0.40219.1
Project("{FAE04EC0-301F-11D3-BF4B-00C04F79EFBC}") = "KTCNPM", "KTCNPM\KTCNPM.csproj", "{A4297F2B-1A01-4511-A938-34775C585D08}"
EndProject
Global
	GlobalSection(SolutionConfigurationPlatforms) = preSolution
		Debug|Any CPU = Debug|Any CPU
		Release|Any CPU = Release|Any CPU
	EndGlobalSection
	GlobalSection(ProjectConfigurationPlatforms) = postSolution
		{A4297F2B-1A01-4511-A938-34775C585D08}.Debug|Any CPU.ActiveCfg = Debug|Any CPU
		{A4297F2B-1A01-4511-A938-34775C585D08}.Debug|Any CPU.Build.0 = Debug|Any CPU
		{A4297F2B-1A01-4511-A938-34775C585D08}.Release|Any CPU.ActiveCfg = Release|Any CPU
		{A4297F2B-1A01-4511-A938-34775C585D08}.Release|Any CPU.Build.0 = Release|Any CPU
	EndGlobalSection
	GlobalSection(SolutionProperties) = preSolution
		HideSolutionNode = FALSE
	EndGlobalSection
	GlobalSection(ExtensibilityGlobals) = postSolution
		SolutionGuid = {6A7CA5FE-32CD-482F-9225-D1B0C499A5E2}
	EndGlobalSection
EndGlobal
